....﻿
Microsoft Visual Studio Solution File, Format Version 12.00
# Visual Studio Version 17
VisualStudioVersion = 17.11.35312.102
MinimumVisualStudioVersion = 10.0.40219.1
Project("{9A19103F-16F7-4668-BE54-9A1E7A4F7556}") = "Farmer MP", "Farmer MP\Farmer MP.csproj", "{4E6ACF24-69DD-4328-9628-BCCDC101D3A2}"
EndProject
Global
	GlobalSection(SolutionConfigurationPlatforms) = preSolution
		Debug|Any CPU = Debug|Any CPU
		Release|Any CPU = Release|Any CPU
	EndGlobalSection
	GlobalSection(ProjectConfigurationPlatforms) = postSolution
		{4E6ACF24-69DD-4328-9628-BCCDC101D3A2}.Debug|Any CPU.ActiveCfg = Debug|Any CPU
		{4E6ACF24-69DD-4328-9628-BCCDC101D3A2}.Debug|Any CPU.Build.0 = Debug|Any CPU
		{4E6ACF24-69DD-4328-9628-BCCDC101D3A2}.Release|Any CPU.ActiveCfg = Release|Any CPU
		{4E6ACF24-69DD-4328-9628-BCCDC101D3A2}.Release|Any CPU.Build.0 = Release|Any CPU
	EndGlobalSection
	GlobalSection(SolutionProperties) = preSolution
		HideSolutionNode = FALSE
	EndGlobalSection
	GlobalSection(ExtensibilityGlobals) = postSolution
		SolutionGuid = {4BD21AFF-6A44-4BD5-BDEA-29D12844B487}
	EndGlobalSection
EndGlobal
